lockfileVersion: '9.0'

settings:
  autoInstallPeers: true
  excludeLinksFromLockfile: false

importers:

  .:
    devDependencies:
      wetf:
        specifier: ^0.9.14
        version: 0.9.14

packages:

  wetf@0.9.14:
    resolution: {integrity: sha512-pL/SPqwqVRIfRIvYi57ZBKCN9u9eSGRpE2ngpEw0MqyVpT0YhLByCesaHI7uIJ7hiLOUH824sdMwURLh4xzfjA==}

snapshots:

  wetf@0.9.14: {}
